// !$*UTF8*$!
{
	archiveVersion = 1;
	classes = {
	};
	objectVersion = 46;
	objects = {

/* Begin PBXBuildFile section */
		660628ED1BD039C400563284 /* texture.cpp in Sources */ = {isa = PBXBuildFile; fileRef = 660628EC1BD039C400563284 /* texture.cpp */; };
		660628EE1BD039CF00563284 /* texture.h in CopyFiles */ = {isa = PBXBuildFile; fileRef = 660628EB1BD039B500563284 /* texture.h */; };
		660629001BD03FAF00563284 /* resource_manager.h in CopyFiles */ = {isa = PBXBuildFile; fileRef = 660628FD1BD03F5400563284 /* resource_manager.h */; };
		6606290C1BD048FA00563284 /* libBarelyGL.a in Frameworks */ = {isa = PBXBuildFile; fileRef = 660628FA1BD03A2200563284 /* libBarelyGL.a */; };
		660C978E1BF0047A00913558 /* logger.h in CopyFiles */ = {isa = PBXBuildFile; fileRef = 66996A1B1AB558C2009400C5 /* logger.h */; };
		660E4E881C0B675B009602AC /* library.cpp in Sources */ = {isa = PBXBuildFile; fileRef = 660E4E871C0B675B009602AC /* library.cpp */; settings = {ASSET_TAGS = (); }; };
		660E4E8B1C0B69CC009602AC /* library.h in CopyFiles */ = {isa = PBXBuildFile; fileRef = 660E4E851C0B6724009602AC /* library.h */; };
		660E4E8E1C0B6BFE009602AC /* face.cpp in Sources */ = {isa = PBXBuildFile; fileRef = 660E4E8D1C0B6BFE009602AC /* face.cpp */; settings = {ASSET_TAGS = (); }; };
		661028601BF6853F009714FA /* resource_tests.cpp in Sources */ = {isa = PBXBuildFile; fileRef = 6610285F1BF6853F009714FA /* resource_tests.cpp */; settings = {ASSET_TAGS = (); }; };
		66234EE21C133CEB009BA8DE /* timer.h in CopyFiles */ = {isa = PBXBuildFile; fileRef = 66234EDF1C133A84009BA8DE /* timer.h */; };
		6627654A1BF2B59A00624AA3 /* libBarelyEngine.a in Frameworks */ = {isa = PBXBuildFile; fileRef = 66996A131AB55894009400C5 /* libBarelyEngine.a */; };
		662CFBB11BF9261F00EB3552 /* OpenGL.framework in Frameworks */ = {isa = PBXBuildFile; fileRef = 662CFBB01BF9261F00EB3552 /* OpenGL.framework */; };
		663ACE491C24D89B00901837 /* pointer_hash.h in CopyFiles */ = {isa = PBXBuildFile; fileRef = 663ACE481C24D88400901837 /* pointer_hash.h */; };
		663EE65D1BFA769D004C4E86 /* pixel_data.cpp in Sources */ = {isa = PBXBuildFile; fileRef = 663EE65C1BFA769D004C4E86 /* pixel_data.cpp */; settings = {ASSET_TAGS = (); }; };
		663EE6651BFA7A8B004C4E86 /* pixel_data_tests.cpp in Sources */ = {isa = PBXBuildFile; fileRef = 663EE6641BFA7A8B004C4E86 /* pixel_data_tests.cpp */; settings = {ASSET_TAGS = (); }; };
		664000E41BF6A046009E502D /* vertex_batcher.cpp in Sources */ = {isa = PBXBuildFile; fileRef = 664000E11BF6A046009E502D /* vertex_batcher.cpp */; settings = {ASSET_TAGS = (); }; };
		664000E51BF6A046009E502D /* color.cpp in Sources */ = {isa = PBXBuildFile; fileRef = 664000E21BF6A046009E502D /* color.cpp */; settings = {ASSET_TAGS = (); }; };
		664000E61BF6A046009E502D /* textured_quad.cpp in Sources */ = {isa = PBXBuildFile; fileRef = 664000E31BF6A046009E502D /* textured_quad.cpp */; settings = {ASSET_TAGS = (); }; };
		665F2BC81C020D640076ADBC /* render_element_tests.cpp in Sources */ = {isa = PBXBuildFile; fileRef = 665F2BC71C020D640076ADBC /* render_element_tests.cpp */; settings = {ASSET_TAGS = (); }; };
		665F2BCA1C0221B60076ADBC /* textured_quad_tests.cpp in Sources */ = {isa = PBXBuildFile; fileRef = 665F2BC91C0221B60076ADBC /* textured_quad_tests.cpp */; settings = {ASSET_TAGS = (); }; };
		665F2BCD1C026ABE0076ADBC /* font.cpp in Sources */ = {isa = PBXBuildFile; fileRef = 665F2BCC1C026ABE0076ADBC /* font.cpp */; settings = {ASSET_TAGS = (); }; };
		665F2BCE1C026E9F0076ADBC /* font.h in CopyFiles */ = {isa = PBXBuildFile; fileRef = 665F2BCB1C026AAE0076ADBC /* font.h */; };
		665F2BD21C0280FC0076ADBC /* font_loader.cpp in Sources */ = {isa = PBXBuildFile; fileRef = 665F2BD11C0280FC0076ADBC /* font_loader.cpp */; settings = {ASSET_TAGS = (); }; };
		665F40311BF3DBA300658EFF /* resource_manager_tests.cpp in Sources */ = {isa = PBXBuildFile; fileRef = 665F40301BF3DBA300658EFF /* resource_manager_tests.cpp */; settings = {ASSET_TAGS = (); }; };
		66626A671C177873002DE60E /* ring_buffer_tests.cpp in Sources */ = {isa = PBXBuildFile; fileRef = 66626A661C177873002DE60E /* ring_buffer_tests.cpp */; settings = {ASSET_TAGS = (); }; };
		66626A681C1778F8002DE60E /* ring_buffer.h in CopyFiles */ = {isa = PBXBuildFile; fileRef = 66626A651C176C5C002DE60E /* ring_buffer.h */; };
		6666119A1C07B9F00014A629 /* glyph_metrics.h in CopyFiles */ = {isa = PBXBuildFile; fileRef = 666611991C07B7BE0014A629 /* glyph_metrics.h */; };
		666658A81BF1505800B48F5B /* basic_logger_tests.cpp in Sources */ = {isa = PBXBuildFile; fileRef = 666658A71BF1505800B48F5B /* basic_logger_tests.cpp */; settings = {ASSET_TAGS = (); }; };
		6666A82B1BC6FCEE00EB9C5F /* engine.cpp in Sources */ = {isa = PBXBuildFile; fileRef = 6666A82A1BC6FCEE00EB9C5F /* engine.cpp */; };
		6666A82C1BC6FCF400EB9C5F /* engine.h in CopyFiles */ = {isa = PBXBuildFile; fileRef = 6666A8291BC6FCE600EB9C5F /* engine.h */; };
		6666A8301BC7023400EB9C5F /* exception.h in CopyFiles */ = {isa = PBXBuildFile; fileRef = 6666A82F1BC7022F00EB9C5F /* exception.h */; };
		6666A8371BC7147B00EB9C5F /* window.cpp in Sources */ = {isa = PBXBuildFile; fileRef = 6666A8361BC7147B00EB9C5F /* window.cpp */; };
		6666A8391BC7150900EB9C5F /* window.h in CopyFiles */ = {isa = PBXBuildFile; fileRef = 6666A8341BC7146B00EB9C5F /* window.h */; };
		666C5E031C162A6500C37C3D /* profiling.h in CopyFiles */ = {isa = PBXBuildFile; fileRef = 666C5DFE1C16237200C37C3D /* profiling.h */; };
		66774BA81C1C67CB00105B4B /* profiler_tests.cpp in Sources */ = {isa = PBXBuildFile; fileRef = 66774BA71C1C67CB00105B4B /* profiler_tests.cpp */; settings = {ASSET_TAGS = (); }; };
		66783FCE1C209F70008658BC /* frame_profiler.cpp in Sources */ = {isa = PBXBuildFile; fileRef = 66783FCD1C209F70008658BC /* frame_profiler.cpp */; settings = {ASSET_TAGS = (); }; };
		66783FCF1C20A173008658BC /* frame_profiler.h in CopyFiles */ = {isa = PBXBuildFile; fileRef = 66783FCC1C209127008658BC /* frame_profiler.h */; };
		66A354C61C0E138F000627FC /* face.h in CopyFiles */ = {isa = PBXBuildFile; fileRef = 660E4E8C1C0B6BF4009602AC /* face.h */; };
		66A354CC1C0E63FF000627FC /* bitmap.h in CopyFiles */ = {isa = PBXBuildFile; fileRef = 66A354CB1C0E63E5000627FC /* bitmap.h */; };
		66A354CF1C0E6629000627FC /* bitmap.cpp in Sources */ = {isa = PBXBuildFile; fileRef = 66A354CE1C0E6629000627FC /* bitmap.cpp */; settings = {ASSET_TAGS = (); }; };
		66A42EA31C14CE7B00441C87 /* timer_tests.cpp in Sources */ = {isa = PBXBuildFile; fileRef = 66A42EA11C14CE4E00441C87 /* timer_tests.cpp */; settings = {ASSET_TAGS = (); }; };
		66AAF5051BF1413000B54E43 /* main.cpp in Sources */ = {isa = PBXBuildFile; fileRef = 66AAF5041BF1413000B54E43 /* main.cpp */; settings = {ASSET_TAGS = (); }; };
		66AAF5071BF143EE00B54E43 /* engine_tests.cpp in Sources */ = {isa = PBXBuildFile; fileRef = 66AAF5061BF143EE00B54E43 /* engine_tests.cpp */; settings = {ASSET_TAGS = (); }; };
		66B4472E1BFE7DAD00BDB03D /* vertex_batcher.h in CopyFiles */ = {isa = PBXBuildFile; fileRef = 664000DE1BF6A035009E502D /* vertex_batcher.h */; };
		66B4472F1BFE7DAF00BDB03D /* textured_quad.h in CopyFiles */ = {isa = PBXBuildFile; fileRef = 664000DF1BF6A035009E502D /* textured_quad.h */; };
		66B447301BFE7DB100BDB03D /* color.h in CopyFiles */ = {isa = PBXBuildFile; fileRef = 664000E01BF6A035009E502D /* color.h */; };
		66B7E2DB1BF5436D0079D5B1 /* texture_loader.cpp in Sources */ = {isa = PBXBuildFile; fileRef = 66B7E2DA1BF5436D0079D5B1 /* texture_loader.cpp */; settings = {ASSET_TAGS = (); }; };
		66B7E2DD1BF54AEB0079D5B1 /* resource_loader.h in CopyFiles */ = {isa = PBXBuildFile; fileRef = 665F40321BF3F13500658EFF /* resource_loader.h */; };
		66B7E2DF1BF54AF30079D5B1 /* resource.h in CopyFiles */ = {isa = PBXBuildFile; fileRef = 66B7E2D91BF523590079D5B1 /* resource.h */; };
		66C8FADC1C04FBCE0084DA80 /* texture_loader.h in CopyFiles */ = {isa = PBXBuildFile; fileRef = 66C8FADB1C04F96B0084DA80 /* texture_loader.h */; };
		66C8FADD1C04FBD00084DA80 /* font_loader.h in CopyFiles */ = {isa = PBXBuildFile; fileRef = 66C8FADA1C04F6FD0084DA80 /* font_loader.h */; };
		66C8FADE1C052AC60084DA80 /* logging.h in CopyFiles */ = {isa = PBXBuildFile; fileRef = 6695527D1BEFF9ED00AE3199 /* logging.h */; };
		66D938081BFFDC8900268ADC /* render_element.h in CopyFiles */ = {isa = PBXBuildFile; fileRef = 66D938041BFFA23600268ADC /* render_element.h */; };
		66E54A091BF2AA2D00634445 /* basic_logger.cpp in Sources */ = {isa = PBXBuildFile; fileRef = 66E54A081BF2AA2D00634445 /* basic_logger.cpp */; settings = {ASSET_TAGS = (); }; };
		66E54A0A1BF2AB3300634445 /* basic_logger.h in CopyFiles */ = {isa = PBXBuildFile; fileRef = 66E54A071BF2AA1000634445 /* basic_logger.h */; };
		66F02D221C0F10E2009A5979 /* font_generator.cpp in Sources */ = {isa = PBXBuildFile; fileRef = 66F02D211C0F10E2009A5979 /* font_generator.cpp */; settings = {ASSET_TAGS = (); }; };
		66F02D241C0F1332009A5979 /* font_generator_fwd.h in CopyFiles */ = {isa = PBXBuildFile; fileRef = 66F02D231C0F1239009A5979 /* font_generator_fwd.h */; };
		66F02D251C0F13AF009A5979 /* font_generator.h in CopyFiles */ = {isa = PBXBuildFile; fileRef = 66F02D201C0F0F65009A5979 /* font_generator.h */; };
/* End PBXBuildFile section */

/* Begin PBXContainerItemProxy section */
		660628F91BD03A2200563284 /* PBXContainerItemProxy */ = {
			isa = PBXContainerItemProxy;
			containerPortal = 660628F51BD03A2200563284 /* BarelyGL.xcodeproj */;
			proxyType = 2;
			remoteGlobalIDString = 668C65831A8E214100ADB924;
			remoteInfo = BarelyGL;
		};
		660628FB1BD03A2C00563284 /* PBXContainerItemProxy */ = {
			isa = PBXContainerItemProxy;
			containerPortal = 660628F51BD03A2200563284 /* BarelyGL.xcodeproj */;
			proxyType = 1;
			remoteGlobalIDString = 668C65821A8E214100ADB924;
			remoteInfo = BarelyGL;
		};
		66AAF5081BF144EF00B54E43 /* PBXContainerItemProxy */ = {
			isa = PBXContainerItemProxy;
			containerPortal = 66996A0B1AB55894009400C5 /* Project object */;
			proxyType = 1;
			remoteGlobalIDString = 66996A121AB55894009400C5;
			remoteInfo = BarelyEngine;
		};
/* End PBXContainerItemProxy section */

/* Begin PBXCopyFilesBuildPhase section */
		660E4E8A1C0B69BB009602AC /* CopyFiles */ = {
			isa = PBXCopyFilesBuildPhase;
			buildActionMask = 2147483647;
			dstPath = "include/${PRODUCT_NAME}/free_type";
			dstSubfolderSpec = 16;
			files = (
				660E4E8B1C0B69CC009602AC /* library.h in CopyFiles */,
				66A354C61C0E138F000627FC /* face.h in CopyFiles */,
				66F02D251C0F13AF009A5979 /* font_generator.h in CopyFiles */,
				66F02D241C0F1332009A5979 /* font_generator_fwd.h in CopyFiles */,
				66A354CC1C0E63FF000627FC /* bitmap.h in CopyFiles */,
			);
			runOnlyForDeploymentPostprocessing = 0;
		};
		66996A431AB56044009400C5 /* CopyFiles */ = {
			isa = PBXCopyFilesBuildPhase;
			buildActionMask = 2147483647;
			dstPath = "include/${PRODUCT_NAME}";
			dstSubfolderSpec = 16;
			files = (
				66B447301BFE7DB100BDB03D /* color.h in CopyFiles */,
				660628EE1BD039CF00563284 /* texture.h in CopyFiles */,
				663ACE491C24D89B00901837 /* pointer_hash.h in CopyFiles */,
				6666A8391BC7150900EB9C5F /* window.h in CopyFiles */,
				6666A8301BC7023400EB9C5F /* exception.h in CopyFiles */,
				660629001BD03FAF00563284 /* resource_manager.h in CopyFiles */,
				66B7E2DD1BF54AEB0079D5B1 /* resource_loader.h in CopyFiles */,
				66D938081BFFDC8900268ADC /* render_element.h in CopyFiles */,
				66B7E2DF1BF54AF30079D5B1 /* resource.h in CopyFiles */,
				6666A82C1BC6FCF400EB9C5F /* engine.h in CopyFiles */,
				660C978E1BF0047A00913558 /* logger.h in CopyFiles */,
				66783FCF1C20A173008658BC /* frame_profiler.h in CopyFiles */,
				66C8FADE1C052AC60084DA80 /* logging.h in CopyFiles */,
				66234EE21C133CEB009BA8DE /* timer.h in CopyFiles */,
				665F2BCE1C026E9F0076ADBC /* font.h in CopyFiles */,
				66E54A0A1BF2AB3300634445 /* basic_logger.h in CopyFiles */,
				66626A681C1778F8002DE60E /* ring_buffer.h in CopyFiles */,
				66B4472E1BFE7DAD00BDB03D /* vertex_batcher.h in CopyFiles */,
				6666119A1C07B9F00014A629 /* glyph_metrics.h in CopyFiles */,
				66B4472F1BFE7DAF00BDB03D /* textured_quad.h in CopyFiles */,
				66C8FADD1C04FBD00084DA80 /* font_loader.h in CopyFiles */,
				66C8FADC1C04FBCE0084DA80 /* texture_loader.h in CopyFiles */,
				666C5E031C162A6500C37C3D /* profiling.h in CopyFiles */,
			);
			runOnlyForDeploymentPostprocessing = 0;
		};
		66AAF4FB1BF140C600B54E43 /* CopyFiles */ = {
			isa = PBXCopyFilesBuildPhase;
			buildActionMask = 2147483647;
			dstPath = /usr/share/man/man1/;
			dstSubfolderSpec = 0;
			files = (
			);
			runOnlyForDeploymentPostprocessing = 1;
		};
/* End PBXCopyFilesBuildPhase section */

/* Begin PBXFileReference section */
		660628EB1BD039B500563284 /* texture.h */ = {isa = PBXFileReference; fileEncoding = 4; lastKnownFileType = sourcecode.c.h; path = texture.h; sourceTree = "<group>"; };
		660628EC1BD039C400563284 /* texture.cpp */ = {isa = PBXFileReference; fileEncoding = 4; lastKnownFileType = sourcecode.cpp.cpp; path = texture.cpp; sourceTree = "<group>"; };
		660628F51BD03A2200563284 /* BarelyGL.xcodeproj */ = {isa = PBXFileReference; lastKnownFileType = "wrapper.pb-project"; name = BarelyGL.xcodeproj; path = ../../../barely_gl/ide/xcode/BarelyGL.xcodeproj; sourceTree = "<group>"; };
		660628FD1BD03F5400563284 /* resource_manager.h */ = {isa = PBXFileReference; fileEncoding = 4; lastKnownFileType = sourcecode.c.h; path = resource_manager.h; sourceTree = "<group>"; };
		660E4E851C0B6724009602AC /* library.h */ = {isa = PBXFileReference; lastKnownFileType = sourcecode.c.h; path = library.h; sourceTree = "<group>"; };
		660E4E871C0B675B009602AC /* library.cpp */ = {isa = PBXFileReference; fileEncoding = 4; lastKnownFileType = sourcecode.cpp.cpp; path = library.cpp; sourceTree = "<group>"; };
		660E4E8C1C0B6BF4009602AC /* face.h */ = {isa = PBXFileReference; lastKnownFileType = sourcecode.c.h; path = face.h; sourceTree = "<group>"; };
		660E4E8D1C0B6BFE009602AC /* face.cpp */ = {isa = PBXFileReference; fileEncoding = 4; lastKnownFileType = sourcecode.cpp.cpp; path = face.cpp; sourceTree = "<group>"; };
		6610285F1BF6853F009714FA /* resource_tests.cpp */ = {isa = PBXFileReference; fileEncoding = 4; lastKnownFileType = sourcecode.cpp.cpp; path = resource_tests.cpp; sourceTree = "<group>"; };
		66234EDF1C133A84009BA8DE /* timer.h */ = {isa = PBXFileReference; lastKnownFileType = sourcecode.c.h; path = timer.h; sourceTree = "<group>"; };
		662CFBB01BF9261F00EB3552 /* OpenGL.framework */ = {isa = PBXFileReference; lastKnownFileType = wrapper.framework; name = OpenGL.framework; path = System/Library/Frameworks/OpenGL.framework; sourceTree = SDKROOT; };
		663ACE481C24D88400901837 /* pointer_hash.h */ = {isa = PBXFileReference; fileEncoding = 4; lastKnownFileType = sourcecode.c.h; path = pointer_hash.h; sourceTree = "<group>"; };
		663EE65C1BFA769D004C4E86 /* pixel_data.cpp */ = {isa = PBXFileReference; fileEncoding = 4; lastKnownFileType = sourcecode.cpp.cpp; path = pixel_data.cpp; sourceTree = "<group>"; };
		663EE65E1BFA76AD004C4E86 /* pixel_data.h */ = {isa = PBXFileReference; lastKnownFileType = sourcecode.c.h; path = pixel_data.h; sourceTree = "<group>"; };
		663EE6641BFA7A8B004C4E86 /* pixel_data_tests.cpp */ = {isa = PBXFileReference; fileEncoding = 4; lastKnownFileType = sourcecode.cpp.cpp; path = pixel_data_tests.cpp; sourceTree = "<group>"; };
		664000DE1BF6A035009E502D /* vertex_batcher.h */ = {isa = PBXFileReference; fileEncoding = 4; lastKnownFileType = sourcecode.c.h; path = vertex_batcher.h; sourceTree = "<group>"; };
		664000DF1BF6A035009E502D /* textured_quad.h */ = {isa = PBXFileReference; fileEncoding = 4; lastKnownFileType = sourcecode.c.h; path = textured_quad.h; sourceTree = "<group>"; };
		664000E01BF6A035009E502D /* color.h */ = {isa = PBXFileReference; fileEncoding = 4; lastKnownFileType = sourcecode.c.h; path = color.h; sourceTree = "<group>"; };
		664000E11BF6A046009E502D /* vertex_batcher.cpp */ = {isa = PBXFileReference; fileEncoding = 4; lastKnownFileType = sourcecode.cpp.cpp; path = vertex_batcher.cpp; sourceTree = "<group>"; };
		664000E21BF6A046009E502D /* color.cpp */ = {isa = PBXFileReference; fileEncoding = 4; lastKnownFileType = sourcecode.cpp.cpp; path = color.cpp; sourceTree = "<group>"; };
		664000E31BF6A046009E502D /* textured_quad.cpp */ = {isa = PBXFileReference; fileEncoding = 4; lastKnownFileType = sourcecode.cpp.cpp; path = textured_quad.cpp; sourceTree = "<group>"; };
		665F2BC71C020D640076ADBC /* render_element_tests.cpp */ = {isa = PBXFileReference; fileEncoding = 4; lastKnownFileType = sourcecode.cpp.cpp; path = render_element_tests.cpp; sourceTree = "<group>"; };
		665F2BC91C0221B60076ADBC /* textured_quad_tests.cpp */ = {isa = PBXFileReference; fileEncoding = 4; lastKnownFileType = sourcecode.cpp.cpp; path = textured_quad_tests.cpp; sourceTree = "<group>"; };
		665F2BCB1C026AAE0076ADBC /* font.h */ = {isa = PBXFileReference; lastKnownFileType = sourcecode.c.h; path = font.h; sourceTree = "<group>"; };
		665F2BCC1C026ABE0076ADBC /* font.cpp */ = {isa = PBXFileReference; fileEncoding = 4; lastKnownFileType = sourcecode.cpp.cpp; path = font.cpp; sourceTree = "<group>"; };
		665F2BD11C0280FC0076ADBC /* font_loader.cpp */ = {isa = PBXFileReference; fileEncoding = 4; lastKnownFileType = sourcecode.cpp.cpp; path = font_loader.cpp; sourceTree = "<group>"; };
		665F40301BF3DBA300658EFF /* resource_manager_tests.cpp */ = {isa = PBXFileReference; fileEncoding = 4; lastKnownFileType = sourcecode.cpp.cpp; path = resource_manager_tests.cpp; sourceTree = "<group>"; };
		665F40321BF3F13500658EFF /* resource_loader.h */ = {isa = PBXFileReference; fileEncoding = 4; lastKnownFileType = sourcecode.c.h; path = resource_loader.h; sourceTree = "<group>"; };
		66626A651C176C5C002DE60E /* ring_buffer.h */ = {isa = PBXFileReference; lastKnownFileType = sourcecode.c.h; path = ring_buffer.h; sourceTree = "<group>"; };
		66626A661C177873002DE60E /* ring_buffer_tests.cpp */ = {isa = PBXFileReference; fileEncoding = 4; lastKnownFileType = sourcecode.cpp.cpp; path = ring_buffer_tests.cpp; sourceTree = "<group>"; };
		666611991C07B7BE0014A629 /* glyph_metrics.h */ = {isa = PBXFileReference; fileEncoding = 4; lastKnownFileType = sourcecode.c.h; path = glyph_metrics.h; sourceTree = "<group>"; };
		666658A71BF1505800B48F5B /* basic_logger_tests.cpp */ = {isa = PBXFileReference; fileEncoding = 4; lastKnownFileType = sourcecode.cpp.cpp; path = basic_logger_tests.cpp; sourceTree = "<group>"; };
		6666A8291BC6FCE600EB9C5F /* engine.h */ = {isa = PBXFileReference; fileEncoding = 4; lastKnownFileType = sourcecode.c.h; path = engine.h; sourceTree = "<group>"; };
		6666A82A1BC6FCEE00EB9C5F /* engine.cpp */ = {isa = PBXFileReference; fileEncoding = 4; lastKnownFileType = sourcecode.cpp.cpp; path = engine.cpp; sourceTree = "<group>"; };
		6666A82F1BC7022F00EB9C5F /* exception.h */ = {isa = PBXFileReference; fileEncoding = 4; lastKnownFileType = sourcecode.c.h; path = exception.h; sourceTree = "<group>"; };
		6666A8341BC7146B00EB9C5F /* window.h */ = {isa = PBXFileReference; fileEncoding = 4; lastKnownFileType = sourcecode.c.h; path = window.h; sourceTree = "<group>"; };
		6666A8361BC7147B00EB9C5F /* window.cpp */ = {isa = PBXFileReference; fileEncoding = 4; lastKnownFileType = sourcecode.cpp.cpp; path = window.cpp; sourceTree = "<group>"; };
		666C5DFE1C16237200C37C3D /* profiling.h */ = {isa = PBXFileReference; lastKnownFileType = sourcecode.c.h; path = profiling.h; sourceTree = "<group>"; };
		66774BA71C1C67CB00105B4B /* profiler_tests.cpp */ = {isa = PBXFileReference; fileEncoding = 4; lastKnownFileType = sourcecode.cpp.cpp; path = profiler_tests.cpp; sourceTree = "<group>"; };
		66783FCC1C209127008658BC /* frame_profiler.h */ = {isa = PBXFileReference; lastKnownFileType = sourcecode.c.h; path = frame_profiler.h; sourceTree = "<group>"; };
		66783FCD1C209F70008658BC /* frame_profiler.cpp */ = {isa = PBXFileReference; fileEncoding = 4; lastKnownFileType = sourcecode.cpp.cpp; path = frame_profiler.cpp; sourceTree = "<group>"; };
		6695527D1BEFF9ED00AE3199 /* logging.h */ = {isa = PBXFileReference; fileEncoding = 4; lastKnownFileType = sourcecode.c.h; path = logging.h; sourceTree = "<group>"; };
		66996A131AB55894009400C5 /* libBarelyEngine.a */ = {isa = PBXFileReference; explicitFileType = archive.ar; includeInIndex = 0; path = libBarelyEngine.a; sourceTree = BUILT_PRODUCTS_DIR; };
		66996A1B1AB558C2009400C5 /* logger.h */ = {isa = PBXFileReference; fileEncoding = 4; lastKnownFileType = sourcecode.c.h; path = logger.h; sourceTree = "<group>"; };
		66A354CB1C0E63E5000627FC /* bitmap.h */ = {isa = PBXFileReference; fileEncoding = 4; lastKnownFileType = sourcecode.c.h; path = bitmap.h; sourceTree = "<group>"; };
		66A354CE1C0E6629000627FC /* bitmap.cpp */ = {isa = PBXFileReference; fileEncoding = 4; lastKnownFileType = sourcecode.cpp.cpp; path = bitmap.cpp; sourceTree = "<group>"; };
		66A42EA11C14CE4E00441C87 /* timer_tests.cpp */ = {isa = PBXFileReference; fileEncoding = 4; lastKnownFileType = sourcecode.cpp.cpp; path = timer_tests.cpp; sourceTree = "<group>"; };
		66AAF4F81BF140A300B54E43 /* catch.hpp */ = {isa = PBXFileReference; lastKnownFileType = sourcecode.cpp.h; path = catch.hpp; sourceTree = "<group>"; };
		66AAF4FD1BF140C600B54E43 /* BarelyEngineTests */ = {isa = PBXFileReference; explicitFileType = "compiled.mach-o.executable"; includeInIndex = 0; path = BarelyEngineTests; sourceTree = BUILT_PRODUCTS_DIR; };
		66AAF5041BF1413000B54E43 /* main.cpp */ = {isa = PBXFileReference; fileEncoding = 4; lastKnownFileType = sourcecode.cpp.cpp; path = main.cpp; sourceTree = "<group>"; };
		66AAF5061BF143EE00B54E43 /* engine_tests.cpp */ = {isa = PBXFileReference; fileEncoding = 4; lastKnownFileType = sourcecode.cpp.cpp; path = engine_tests.cpp; sourceTree = "<group>"; };
		66B7E2D91BF523590079D5B1 /* resource.h */ = {isa = PBXFileReference; lastKnownFileType = sourcecode.c.h; path = resource.h; sourceTree = "<group>"; };
		66B7E2DA1BF5436D0079D5B1 /* texture_loader.cpp */ = {isa = PBXFileReference; fileEncoding = 4; lastKnownFileType = sourcecode.cpp.cpp; path = texture_loader.cpp; sourceTree = "<group>"; };
		66C8FADA1C04F6FD0084DA80 /* font_loader.h */ = {isa = PBXFileReference; lastKnownFileType = sourcecode.c.h; path = font_loader.h; sourceTree = "<group>"; };
		66C8FADB1C04F96B0084DA80 /* texture_loader.h */ = {isa = PBXFileReference; lastKnownFileType = sourcecode.c.h; path = texture_loader.h; sourceTree = "<group>"; };
		66D938041BFFA23600268ADC /* render_element.h */ = {isa = PBXFileReference; lastKnownFileType = sourcecode.c.h; path = render_element.h; sourceTree = "<group>"; };
		66E54A041BF28BC600634445 /* fakeit.hpp */ = {isa = PBXFileReference; fileEncoding = 4; lastKnownFileType = sourcecode.cpp.h; path = fakeit.hpp; sourceTree = "<group>"; };
		66E54A071BF2AA1000634445 /* basic_logger.h */ = {isa = PBXFileReference; fileEncoding = 4; lastKnownFileType = sourcecode.c.h; path = basic_logger.h; sourceTree = "<group>"; };
		66E54A081BF2AA2D00634445 /* basic_logger.cpp */ = {isa = PBXFileReference; fileEncoding = 4; lastKnownFileType = sourcecode.cpp.cpp; path = basic_logger.cpp; sourceTree = "<group>"; };
		66F02D201C0F0F65009A5979 /* font_generator.h */ = {isa = PBXFileReference; lastKnownFileType = sourcecode.c.h; path = font_generator.h; sourceTree = "<group>"; };
		66F02D211C0F10E2009A5979 /* font_generator.cpp */ = {isa = PBXFileReference; fileEncoding = 4; lastKnownFileType = sourcecode.cpp.cpp; path = font_generator.cpp; sourceTree = "<group>"; };
		66F02D231C0F1239009A5979 /* font_generator_fwd.h */ = {isa = PBXFileReference; lastKnownFileType = sourcecode.c.h; path = font_generator_fwd.h; sourceTree = "<group>"; };
/* End PBXFileReference section */

/* Begin PBXFrameworksBuildPhase section */
		66996A101AB55894009400C5 /* Frameworks */ = {
			isa = PBXFrameworksBuildPhase;
			buildActionMask = 2147483647;
			files = (
				6606290C1BD048FA00563284 /* libBarelyGL.a in Frameworks */,
			);
			runOnlyForDeploymentPostprocessing = 0;
		};
		66AAF4FA1BF140C600B54E43 /* Frameworks */ = {
			isa = PBXFrameworksBuildPhase;
			buildActionMask = 2147483647;
			files = (
				662CFBB11BF9261F00EB3552 /* OpenGL.framework in Frameworks */,
				6627654A1BF2B59A00624AA3 /* libBarelyEngine.a in Frameworks */,
			);
			runOnlyForDeploymentPostprocessing = 0;
		};
/* End PBXFrameworksBuildPhase section */

/* Begin PBXGroup section */
		660628F61BD03A2200563284 /* Products */ = {
			isa = PBXGroup;
			children = (
				660628FA1BD03A2200563284 /* libBarelyGL.a */,
			);
			name = Products;
			sourceTree = "<group>";
		};
		660E4E841C0B6716009602AC /* free_type */ = {
			isa = PBXGroup;
			children = (
				66A354CB1C0E63E5000627FC /* bitmap.h */,
				660E4E851C0B6724009602AC /* library.h */,
				660E4E8C1C0B6BF4009602AC /* face.h */,
				66F02D201C0F0F65009A5979 /* font_generator.h */,
				66F02D231C0F1239009A5979 /* font_generator_fwd.h */,
			);
			path = free_type;
			sourceTree = "<group>";
		};
		660E4E861C0B674E009602AC /* free_type */ = {
			isa = PBXGroup;
			children = (
				66F02D211C0F10E2009A5979 /* font_generator.cpp */,
				66A354CE1C0E6629000627FC /* bitmap.cpp */,
				660E4E871C0B675B009602AC /* library.cpp */,
				660E4E8D1C0B6BFE009602AC /* face.cpp */,
			);
			path = free_type;
			sourceTree = "<group>";
		};
		663EE6631BFA7A8B004C4E86 /* gfx */ = {
			isa = PBXGroup;
			children = (
				663EE6641BFA7A8B004C4E86 /* pixel_data_tests.cpp */,
				665F2BC71C020D640076ADBC /* render_element_tests.cpp */,
				665F2BC91C0221B60076ADBC /* textured_quad_tests.cpp */,
			);
			path = gfx;
			sourceTree = "<group>";
		};
		6666A8331BC7146B00EB9C5F /* gfx */ = {
			isa = PBXGroup;
			children = (
				666611991C07B7BE0014A629 /* glyph_metrics.h */,
				664000DE1BF6A035009E502D /* vertex_batcher.h */,
				664000DF1BF6A035009E502D /* textured_quad.h */,
				664000E01BF6A035009E502D /* color.h */,
				660628EB1BD039B500563284 /* texture.h */,
				6666A8341BC7146B00EB9C5F /* window.h */,
				663EE65E1BFA76AD004C4E86 /* pixel_data.h */,
				66D938041BFFA23600268ADC /* render_element.h */,
				665F2BCB1C026AAE0076ADBC /* font.h */,
			);
			path = gfx;
			sourceTree = "<group>";
		};
		6666A8351BC7147B00EB9C5F /* gfx */ = {
			isa = PBXGroup;
			children = (
				664000E11BF6A046009E502D /* vertex_batcher.cpp */,
				664000E21BF6A046009E502D /* color.cpp */,
				664000E31BF6A046009E502D /* textured_quad.cpp */,
				660628EC1BD039C400563284 /* texture.cpp */,
				6666A8361BC7147B00EB9C5F /* window.cpp */,
				663EE65C1BFA769D004C4E86 /* pixel_data.cpp */,
				665F2BCC1C026ABE0076ADBC /* font.cpp */,
			);
			path = gfx;
			sourceTree = "<group>";
		};
		66996A0A1AB55894009400C5 = {
			isa = PBXGroup;
			children = (
				662CFBB01BF9261F00EB3552 /* OpenGL.framework */,
				660628F51BD03A2200563284 /* BarelyGL.xcodeproj */,
				66996A1A1AB558C2009400C5 /* include */,
				66996A1C1AB558C2009400C5 /* src */,
				66AAF4F71BF140A300B54E43 /* tests */,
				66996A141AB55894009400C5 /* Products */,
			);
			sourceTree = "<group>";
		};
		66996A141AB55894009400C5 /* Products */ = {
			isa = PBXGroup;
			children = (
				66996A131AB55894009400C5 /* libBarelyEngine.a */,
				66AAF4FD1BF140C600B54E43 /* BarelyEngineTests */,
			);
			name = Products;
			sourceTree = "<group>";
		};
		66996A1A1AB558C2009400C5 /* include */ = {
			isa = PBXGroup;
			children = (
				660E4E841C0B6716009602AC /* free_type */,
				6666A8331BC7146B00EB9C5F /* gfx */,
				663ACE481C24D88400901837 /* pointer_hash.h */,
				6695527D1BEFF9ED00AE3199 /* logging.h */,
				660628FD1BD03F5400563284 /* resource_manager.h */,
				665F40321BF3F13500658EFF /* resource_loader.h */,
				6666A82F1BC7022F00EB9C5F /* exception.h */,
				6666A8291BC6FCE600EB9C5F /* engine.h */,
				66E54A071BF2AA1000634445 /* basic_logger.h */,
				66C8FADA1C04F6FD0084DA80 /* font_loader.h */,
				66C8FADB1C04F96B0084DA80 /* texture_loader.h */,
				66996A1B1AB558C2009400C5 /* logger.h */,
				66B7E2D91BF523590079D5B1 /* resource.h */,
				66234EDF1C133A84009BA8DE /* timer.h */,
				666C5DFE1C16237200C37C3D /* profiling.h */,
				66626A651C176C5C002DE60E /* ring_buffer.h */,
				66783FCC1C209127008658BC /* frame_profiler.h */,
			);
			name = include;
			path = ../../include;
			sourceTree = "<group>";
		};
		66996A1C1AB558C2009400C5 /* src */ = {
			isa = PBXGroup;
			children = (
				660E4E861C0B674E009602AC /* free_type */,
				6666A8351BC7147B00EB9C5F /* gfx */,
				6666A82A1BC6FCEE00EB9C5F /* engine.cpp */,
				66E54A081BF2AA2D00634445 /* basic_logger.cpp */,
				66B7E2DA1BF5436D0079D5B1 /* texture_loader.cpp */,
				665F2BD11C0280FC0076ADBC /* font_loader.cpp */,
				66783FCD1C209F70008658BC /* frame_profiler.cpp */,
			);
			name = src;
			path = ../../src;
			sourceTree = "<group>";
		};
		66AAF4F71BF140A300B54E43 /* tests */ = {
			isa = PBXGroup;
			children = (
				663EE6631BFA7A8B004C4E86 /* gfx */,
				66E54A041BF28BC600634445 /* fakeit.hpp */,
				66AAF4F81BF140A300B54E43 /* catch.hpp */,
				66AAF5041BF1413000B54E43 /* main.cpp */,
				66AAF5061BF143EE00B54E43 /* engine_tests.cpp */,
				666658A71BF1505800B48F5B /* basic_logger_tests.cpp */,
				665F40301BF3DBA300658EFF /* resource_manager_tests.cpp */,
				6610285F1BF6853F009714FA /* resource_tests.cpp */,
				66A42EA11C14CE4E00441C87 /* timer_tests.cpp */,
				66626A661C177873002DE60E /* ring_buffer_tests.cpp */,
				66774BA71C1C67CB00105B4B /* profiler_tests.cpp */,
			);
			name = tests;
			path = ../../tests;
			sourceTree = "<group>";
		};
/* End PBXGroup section */

/* Begin PBXNativeTarget section */
		66996A121AB55894009400C5 /* BarelyEngine */ = {
			isa = PBXNativeTarget;
			buildConfigurationList = 66996A171AB55894009400C5 /* Build configuration list for PBXNativeTarget "BarelyEngine" */;
			buildPhases = (
				66996A0F1AB55894009400C5 /* Sources */,
				66996A101AB55894009400C5 /* Frameworks */,
				66996A431AB56044009400C5 /* CopyFiles */,
				660E4E8A1C0B69BB009602AC /* CopyFiles */,
			);
			buildRules = (
			);
			dependencies = (
				660628FC1BD03A2C00563284 /* PBXTargetDependency */,
			);
			name = BarelyEngine;
			productName = BarelyEngine;
			productReference = 66996A131AB55894009400C5 /* libBarelyEngine.a */;
			productType = "com.apple.product-type.library.static";
		};
		66AAF4FC1BF140C600B54E43 /* BarelyEngineTests */ = {
			isa = PBXNativeTarget;
			buildConfigurationList = 66AAF5011BF140C600B54E43 /* Build configuration list for PBXNativeTarget "BarelyEngineTests" */;
			buildPhases = (
				66AAF4F91BF140C600B54E43 /* Sources */,
				66AAF4FA1BF140C600B54E43 /* Frameworks */,
				66AAF4FB1BF140C600B54E43 /* CopyFiles */,
			);
			buildRules = (
			);
			dependencies = (
				66AAF5091BF144EF00B54E43 /* PBXTargetDependency */,
			);
			name = BarelyEngineTests;
			productName = BarelyEngineTests;
			productReference = 66AAF4FD1BF140C600B54E43 /* BarelyEngineTests */;
			productType = "com.apple.product-type.tool";
		};
/* End PBXNativeTarget section */

/* Begin PBXProject section */
		66996A0B1AB55894009400C5 /* Project object */ = {
			isa = PBXProject;
			attributes = {
				LastUpgradeCheck = 0700;
				ORGANIZATIONNAME = "Adam Ransom";
				TargetAttributes = {
					66996A121AB55894009400C5 = {
						CreatedOnToolsVersion = 6.2;
					};
					66AAF4FC1BF140C600B54E43 = {
						CreatedOnToolsVersion = 7.0.1;
					};
				};
			};
			buildConfigurationList = 66996A0E1AB55894009400C5 /* Build configuration list for PBXProject "BarelyEngine" */;
			compatibilityVersion = "Xcode 3.2";
			developmentRegion = English;
			hasScannedForEncodings = 0;
			knownRegions = (
				en,
			);
			mainGroup = 66996A0A1AB55894009400C5;
			productRefGroup = 66996A141AB55894009400C5 /* Products */;
			projectDirPath = "";
			projectReferences = (
				{
					ProductGroup = 660628F61BD03A2200563284 /* Products */;
					ProjectRef = 660628F51BD03A2200563284 /* BarelyGL.xcodeproj */;
				},
			);
			projectRoot = "";
			targets = (
				66996A121AB55894009400C5 /* BarelyEngine */,
				66AAF4FC1BF140C600B54E43 /* BarelyEngineTests */,
			);
		};
/* End PBXProject section */

/* Begin PBXReferenceProxy section */
		660628FA1BD03A2200563284 /* libBarelyGL.a */ = {
			isa = PBXReferenceProxy;
			fileType = archive.ar;
			path = libBarelyGL.a;
			remoteRef = 660628F91BD03A2200563284 /* PBXContainerItemProxy */;
			sourceTree = BUILT_PRODUCTS_DIR;
		};
/* End PBXReferenceProxy section */

/* Begin PBXSourcesBuildPhase section */
		66996A0F1AB55894009400C5 /* Sources */ = {
			isa = PBXSourcesBuildPhase;
			buildActionMask = 2147483647;
			files = (
				66F02D221C0F10E2009A5979 /* font_generator.cpp in Sources */,
				6666A8371BC7147B00EB9C5F /* window.cpp in Sources */,
				660E4E881C0B675B009602AC /* library.cpp in Sources */,
				66B7E2DB1BF5436D0079D5B1 /* texture_loader.cpp in Sources */,
				66E54A091BF2AA2D00634445 /* basic_logger.cpp in Sources */,
				664000E41BF6A046009E502D /* vertex_batcher.cpp in Sources */,
				664000E61BF6A046009E502D /* textured_quad.cpp in Sources */,
				664000E51BF6A046009E502D /* color.cpp in Sources */,
				66A354CF1C0E6629000627FC /* bitmap.cpp in Sources */,
				663EE65D1BFA769D004C4E86 /* pixel_data.cpp in Sources */,
				66783FCE1C209F70008658BC /* frame_profiler.cpp in Sources */,
				660628ED1BD039C400563284 /* texture.cpp in Sources */,
				665F2BD21C0280FC0076ADBC /* font_loader.cpp in Sources */,
				665F2BCD1C026ABE0076ADBC /* font.cpp in Sources */,
				6666A82B1BC6FCEE00EB9C5F /* engine.cpp in Sources */,
				660E4E8E1C0B6BFE009602AC /* face.cpp in Sources */,
			);
			runOnlyForDeploymentPostprocessing = 0;
		};
		66AAF4F91BF140C600B54E43 /* Sources */ = {
			isa = PBXSourcesBuildPhase;
			buildActionMask = 2147483647;
			files = (
				66AAF5051BF1413000B54E43 /* main.cpp in Sources */,
				665F2BCA1C0221B60076ADBC /* textured_quad_tests.cpp in Sources */,
				66A42EA31C14CE7B00441C87 /* timer_tests.cpp in Sources */,
				66774BA81C1C67CB00105B4B /* profiler_tests.cpp in Sources */,
				66AAF5071BF143EE00B54E43 /* engine_tests.cpp in Sources */,
				666658A81BF1505800B48F5B /* basic_logger_tests.cpp in Sources */,
				66626A671C177873002DE60E /* ring_buffer_tests.cpp in Sources */,
				665F40311BF3DBA300658EFF /* resource_manager_tests.cpp in Sources */,
				663EE6651BFA7A8B004C4E86 /* pixel_data_tests.cpp in Sources */,
				665F2BC81C020D640076ADBC /* render_element_tests.cpp in Sources */,
				661028601BF6853F009714FA /* resource_tests.cpp in Sources */,
			);
			runOnlyForDeploymentPostprocessing = 0;
		};
/* End PBXSourcesBuildPhase section */

/* Begin PBXTargetDependency section */
		660628FC1BD03A2C00563284 /* PBXTargetDependency */ = {
			isa = PBXTargetDependency;
			name = BarelyGL;
			targetProxy = 660628FB1BD03A2C00563284 /* PBXContainerItemProxy */;
		};
		66AAF5091BF144EF00B54E43 /* PBXTargetDependency */ = {
			isa = PBXTargetDependency;
			target = 66996A121AB55894009400C5 /* BarelyEngine */;
			targetProxy = 66AAF5081BF144EF00B54E43 /* PBXContainerItemProxy */;
		};
/* End PBXTargetDependency section */

/* Begin XCBuildConfiguration section */
		66996A151AB55894009400C5 /* Debug */ = {
			isa = XCBuildConfiguration;
			buildSettings = {
				ALWAYS_SEARCH_USER_PATHS = NO;
				CLANG_CXX_LANGUAGE_STANDARD = "gnu++0x";
				CLANG_CXX_LIBRARY = "libc++";
				CLANG_ENABLE_MODULES = YES;
				CLANG_ENABLE_OBJC_ARC = YES;
				CLANG_WARN_BOOL_CONVERSION = YES;
				CLANG_WARN_CONSTANT_CONVERSION = YES;
				CLANG_WARN_DIRECT_OBJC_ISA_USAGE = YES_ERROR;
				CLANG_WARN_EMPTY_BODY = YES;
				CLANG_WARN_ENUM_CONVERSION = YES;
				CLANG_WARN_INT_CONVERSION = YES;
				CLANG_WARN_OBJC_ROOT_CLASS = YES_ERROR;
				CLANG_WARN_UNREACHABLE_CODE = YES;
				CLANG_WARN__DUPLICATE_METHOD_MATCH = YES;
				COPY_PHASE_STRIP = NO;
				ENABLE_STRICT_OBJC_MSGSEND = YES;
				GCC_C_LANGUAGE_STANDARD = gnu99;
				GCC_DYNAMIC_NO_PIC = NO;
				GCC_OPTIMIZATION_LEVEL = 0;
				GCC_PREPROCESSOR_DEFINITIONS = (
					"DEBUG=1",
					"$(inherited)",
				);
				GCC_SYMBOLS_PRIVATE_EXTERN = NO;
				GCC_WARN_64_TO_32_BIT_CONVERSION = YES;
				GCC_WARN_ABOUT_RETURN_TYPE = YES_ERROR;
				GCC_WARN_UNDECLARED_SELECTOR = YES;
				GCC_WARN_UNINITIALIZED_AUTOS = YES_AGGRESSIVE;
				GCC_WARN_UNUSED_FUNCTION = YES;
				GCC_WARN_UNUSED_VARIABLE = YES;
				MACOSX_DEPLOYMENT_TARGET = 10.10;
				MTL_ENABLE_DEBUG_INFO = YES;
				ONLY_ACTIVE_ARCH = YES;
				SDKROOT = macosx;
			};
			name = Debug;
		};
		66996A161AB55894009400C5 /* Release */ = {
			isa = XCBuildConfiguration;
			buildSettings = {
				ALWAYS_SEARCH_USER_PATHS = NO;
				CLANG_CXX_LANGUAGE_STANDARD = "gnu++0x";
				CLANG_CXX_LIBRARY = "libc++";
				CLANG_ENABLE_MODULES = YES;
				CLANG_ENABLE_OBJC_ARC = YES;
				CLANG_WARN_BOOL_CONVERSION = YES;
				CLANG_WARN_CONSTANT_CONVERSION = YES;
				CLANG_WARN_DIRECT_OBJC_ISA_USAGE = YES_ERROR;
				CLANG_WARN_EMPTY_BODY = YES;
				CLANG_WARN_ENUM_CONVERSION = YES;
				CLANG_WARN_INT_CONVERSION = YES;
				CLANG_WARN_OBJC_ROOT_CLASS = YES_ERROR;
				CLANG_WARN_UNREACHABLE_CODE = YES;
				CLANG_WARN__DUPLICATE_METHOD_MATCH = YES;
				COPY_PHASE_STRIP = NO;
				DEBUG_INFORMATION_FORMAT = "dwarf-with-dsym";
				ENABLE_NS_ASSERTIONS = NO;
				ENABLE_STRICT_OBJC_MSGSEND = YES;
				GCC_C_LANGUAGE_STANDARD = gnu99;
				GCC_WARN_64_TO_32_BIT_CONVERSION = YES;
				GCC_WARN_ABOUT_RETURN_TYPE = YES_ERROR;
				GCC_WARN_UNDECLARED_SELECTOR = YES;
				GCC_WARN_UNINITIALIZED_AUTOS = YES_AGGRESSIVE;
				GCC_WARN_UNUSED_FUNCTION = YES;
				GCC_WARN_UNUSED_VARIABLE = YES;
				MACOSX_DEPLOYMENT_TARGET = 10.10;
				MTL_ENABLE_DEBUG_INFO = NO;
				SDKROOT = macosx;
			};
			name = Release;
		};
		66996A181AB55894009400C5 /* Debug */ = {
			isa = XCBuildConfiguration;
			buildSettings = {
				CLANG_CXX_LANGUAGE_STANDARD = "c++14";
				EXECUTABLE_PREFIX = lib;
				HEADER_SEARCH_PATHS = (
					"$(inherited)",
					/Applications/Xcode.app/Contents/Developer/Toolchains/XcodeDefault.xctoolchain/usr/include,
					/usr/local/include,
					/usr/local/include/freetype2,
				);
				PRODUCT_NAME = "$(TARGET_NAME)";
				USER_HEADER_SEARCH_PATHS = include;
				WARNING_CFLAGS = (
					"-Wall",
					"-Wextra",
				);
			};
			name = Debug;
		};
		66996A191AB55894009400C5 /* Release */ = {
			isa = XCBuildConfiguration;
			buildSettings = {
				CLANG_CXX_LANGUAGE_STANDARD = "c++14";
				EXECUTABLE_PREFIX = lib;
				HEADER_SEARCH_PATHS = (
					"$(inherited)",
					/Applications/Xcode.app/Contents/Developer/Toolchains/XcodeDefault.xctoolchain/usr/include,
					/usr/local/include,
					/usr/local/include/freetype2,
				);
				PRODUCT_NAME = "$(TARGET_NAME)";
				USER_HEADER_SEARCH_PATHS = include;
				WARNING_CFLAGS = (
					"-Wall",
					"-Wextra",
				);
			};
			name = Release;
		};
		66AAF5021BF140C600B54E43 /* Debug */ = {
			isa = XCBuildConfiguration;
			buildSettings = {
				CLANG_CXX_LANGUAGE_STANDARD = "c++14";
				DEBUG_INFORMATION_FORMAT = dwarf;
				ENABLE_TESTABILITY = YES;
				GCC_NO_COMMON_BLOCKS = YES;
				HEADER_SEARCH_PATHS = (
					"$(inherited)",
					/Applications/Xcode.app/Contents/Developer/Toolchains/XcodeDefault.xctoolchain/usr/include,
					/usr/local/include,
				);
				OTHER_LDFLAGS = (
					"-I/usr/local/include/SDL2",
					"-L/usr/local/lib",
					"-lSDL2",
				);
				PRODUCT_NAME = "$(TARGET_NAME)";
			};
			name = Debug;
		};
		66AAF5031BF140C600B54E43 /* Release */ = {
			isa = XCBuildConfiguration;
			buildSettings = {
				CLANG_CXX_LANGUAGE_STANDARD = "c++14";
				GCC_NO_COMMON_BLOCKS = YES;
				HEADER_SEARCH_PATHS = (
					"$(inherited)",
					/Applications/Xcode.app/Contents/Developer/Toolchains/XcodeDefault.xctoolchain/usr/include,
					/usr/local/include,
				);
				OTHER_LDFLAGS = (
					"-I/usr/local/include/SDL2",
					"-L/usr/local/lib",
					"-lSDL2",
				);
				PRODUCT_NAME = "$(TARGET_NAME)";
			};
			name = Release;
		};
/* End XCBuildConfiguration section */

/* Begin XCConfigurationList section */
		66996A0E1AB55894009400C5 /* Build configuration list for PBXProject "BarelyEngine" */ = {
			isa = XCConfigurationList;
			buildConfigurations = (
				66996A151AB55894009400C5 /* Debug */,
				66996A161AB55894009400C5 /* Release */,
			);
			defaultConfigurationIsVisible = 0;
			defaultConfigurationName = Release;
		};
		66996A171AB55894009400C5 /* Build configuration list for PBXNativeTarget "BarelyEngine" */ = {
			isa = XCConfigurationList;
			buildConfigurations = (
				66996A181AB55894009400C5 /* Debug */,
				66996A191AB55894009400C5 /* Release */,
			);
			defaultConfigurationIsVisible = 0;
			defaultConfigurationName = Release;
		};
		66AAF5011BF140C600B54E43 /* Build configuration list for PBXNativeTarget "BarelyEngineTests" */ = {
			isa = XCConfigurationList;
			buildConfigurations = (
				66AAF5021BF140C600B54E43 /* Debug */,
				66AAF5031BF140C600B54E43 /* Release */,
			);
			defaultConfigurationIsVisible = 0;
			defaultConfigurationName = Release;
		};
/* End XCConfigurationList section */
	};
	rootObject = 66996A0B1AB55894009400C5 /* Project object */;
}
